// !$*UTF8*$!
{
	archiveVersion = 1;
	classes = {
	};
	objectVersion = 46;
	objects = {

/* Begin PBXBuildFile section */
		0C47D856693EA6FD432EE3A2 /* Pods_MRT.framework in Frameworks */ = {isa = PBXBuildFile; fileRef = FF449DD99CCB1D1E55466FA6 /* Pods_MRT.framework */; };
		DB04B3CF1CDF2409002D3514 /* MRTsData.swift in Sources */ = {isa = PBXBuildFile; fileRef = DB04B3CE1CDF2409002D3514 /* MRTsData.swift */; };
		DB08FA471CDA1BA300FE38E8 /* Podfile in Resources */ = {isa = PBXBuildFile; fileRef = DB08FA461CDA1BA300FE38E8 /* Podfile */; };
		DB1D86CC1CD9AB63009BDEC1 /* DetailViewController.swift in Sources */ = {isa = PBXBuildFile; fileRef = DB1D86CB1CD9AB63009BDEC1 /* DetailViewController.swift */; };
		DB831FCB1CDA209C0011016F /* SwiftyJSON.framework in Frameworks */ = {isa = PBXBuildFile; fileRef = DB831FCA1CDA209C0011016F /* SwiftyJSON.framework */; };
		DB9D867B1CDB99C6003DD1B6 /* MRT.json in Resources */ = {isa = PBXBuildFile; fileRef = DB9D867A1CDB99C6003DD1B6 /* MRT.json */; };
		DBAED0471CD1F17F00E84AE3 /* AppDelegate.swift in Sources */ = {isa = PBXBuildFile; fileRef = DBAED0461CD1F17F00E84AE3 /* AppDelegate.swift */; };
		DBAED0491CD1F17F00E84AE3 /* ViewController.swift in Sources */ = {isa = PBXBuildFile; fileRef = DBAED0481CD1F17F00E84AE3 /* ViewController.swift */; };
		DBAED04C1CD1F17F00E84AE3 /* Main.storyboard in Resources */ = {isa = PBXBuildFile; fileRef = DBAED04A1CD1F17F00E84AE3 /* Main.storyboard */; };
		DBAED04E1CD1F17F00E84AE3 /* Assets.xcassets in Resources */ = {isa = PBXBuildFile; fileRef = DBAED04D1CD1F17F00E84AE3 /* Assets.xcassets */; };
		DBAED0511CD1F17F00E84AE3 /* LaunchScreen.storyboard in Resources */ = {isa = PBXBuildFile; fileRef = DBAED04F1CD1F17F00E84AE3 /* LaunchScreen.storyboard */; };
		DBCD078B1CE5B9F300B448DF /* TableViewCell.swift in Sources */ = {isa = PBXBuildFile; fileRef = DBCD078A1CE5B9F300B448DF /* TableViewCell.swift */; };
/* End PBXBuildFile section */

/* Begin PBXFileReference section */
		410DF477974B98C108EB80CB /* Pods-MRT.release.xcconfig */ = {isa = PBXFileReference; includeInIndex = 1; lastKnownFileType = text.xcconfig; name = "Pods-MRT.release.xcconfig"; path = "Pods/Target Support Files/Pods-MRT/Pods-MRT.release.xcconfig"; sourceTree = "<group>"; };
		50CEC59DBF48CD40E9517822 /* Pods-MRT.debug.xcconfig */ = {isa = PBXFileReference; includeInIndex = 1; lastKnownFileType = text.xcconfig; name = "Pods-MRT.debug.xcconfig"; path = "Pods/Target Support Files/Pods-MRT/Pods-MRT.debug.xcconfig"; sourceTree = "<group>"; };
		DB04B3CE1CDF2409002D3514 /* MRTsData.swift */ = {isa = PBXFileReference; fileEncoding = 4; lastKnownFileType = sourcecode.swift; path = MRTsData.swift; sourceTree = "<group>"; };
		DB08FA461CDA1BA300FE38E8 /* Podfile */ = {isa = PBXFileReference; fileEncoding = 4; lastKnownFileType = text; name = Podfile; path = ../Podfile; sourceTree = "<group>"; xcLanguageSpecificationIdentifier = xcode.lang.ruby; };
		DB1D86CB1CD9AB63009BDEC1 /* DetailViewController.swift */ = {isa = PBXFileReference; fileEncoding = 4; lastKnownFileType = sourcecode.swift; path = DetailViewController.swift; sourceTree = "<group>"; };
		DB831FCA1CDA209C0011016F /* SwiftyJSON.framework */ = {isa = PBXFileReference; lastKnownFileType = wrapper.framework; name = SwiftyJSON.framework; path = "Pods/../build/Debug-iphoneos/SwiftyJSON.framework"; sourceTree = "<group>"; };
		DB9D867A1CDB99C6003DD1B6 /* MRT.json */ = {isa = PBXFileReference; fileEncoding = 4; lastKnownFileType = text.json; name = MRT.json; path = "../../../Documents/大三下/行動開發/HW2 Specs/MRT.json"; sourceTree = "<group>"; };
		DBAED0431CD1F17F00E84AE3 /* MRT.app */ = {isa = PBXFileReference; explicitFileType = wrapper.application; includeInIndex = 0; path = MRT.app; sourceTree = BUILT_PRODUCTS_DIR; };
		DBAED0461CD1F17F00E84AE3 /* AppDelegate.swift */ = {isa = PBXFileReference; lastKnownFileType = sourcecode.swift; path = AppDelegate.swift; sourceTree = "<group>"; };
		DBAED0481CD1F17F00E84AE3 /* ViewController.swift */ = {isa = PBXFileReference; lastKnownFileType = sourcecode.swift; path = ViewController.swift; sourceTree = "<group>"; };
		DBAED04B1CD1F17F00E84AE3 /* Base */ = {isa = PBXFileReference; lastKnownFileType = file.storyboard; name = Base; path = Base.lproj/Main.storyboard; sourceTree = "<group>"; };
		DBAED04D1CD1F17F00E84AE3 /* Assets.xcassets */ = {isa = PBXFileReference; lastKnownFileType = folder.assetcatalog; path = Assets.xcassets; sourceTree = "<group>"; };
		DBAED0501CD1F17F00E84AE3 /* Base */ = {isa = PBXFileReference; lastKnownFileType = file.storyboard; name = Base; path = Base.lproj/LaunchScreen.storyboard; sourceTree = "<group>"; };
		DBAED0521CD1F17F00E84AE3 /* Info.plist */ = {isa = PBXFileReference; lastKnownFileType = text.plist.xml; path = Info.plist; sourceTree = "<group>"; };
		DBCD078A1CE5B9F300B448DF /* TableViewCell.swift */ = {isa = PBXFileReference; fileEncoding = 4; lastKnownFileType = sourcecode.swift; name = TableViewCell.swift; path = ../TableViewCell.swift; sourceTree = "<group>"; };
		FF449DD99CCB1D1E55466FA6 /* Pods_MRT.framework */ = {isa = PBXFileReference; explicitFileType = wrapper.framework; includeInIndex = 0; path = Pods_MRT.framework; sourceTree = BUILT_PRODUCTS_DIR; };
/* End PBXFileReference section */

/* Begin PBXFrameworksBuildPhase section */
		DBAED0401CD1F17F00E84AE3 /* Frameworks */ = {
			isa = PBXFrameworksBuildPhase;
			buildActionMask = 2147483647;
			files = (
				DB831FCB1CDA209C0011016F /* SwiftyJSON.framework in Frameworks */,
				0C47D856693EA6FD432EE3A2 /* Pods_MRT.framework in Frameworks */,
			);
			runOnlyForDeploymentPostprocessing = 0;
		};
/* End PBXFrameworksBuildPhase section */

/* Begin PBXGroup section */
		70B38017EB40A35D68CE3D67 /* Pods */ = {
			isa = PBXGroup;
			children = (
				50CEC59DBF48CD40E9517822 /* Pods-MRT.debug.xcconfig */,
				410DF477974B98C108EB80CB /* Pods-MRT.release.xcconfig */,
			);
			name = Pods;
			sourceTree = "<group>";
		};
		C63FAC57167A9342AB9BFE7D /* Frameworks */ = {
			isa = PBXGroup;
			children = (
				DB831FCA1CDA209C0011016F /* SwiftyJSON.framework */,
				FF449DD99CCB1D1E55466FA6 /* Pods_MRT.framework */,
			);
			name = Frameworks;
			sourceTree = "<group>";
		};
		DBAED03A1CD1F17F00E84AE3 = {
			isa = PBXGroup;
			children = (
				DBAED0451CD1F17F00E84AE3 /* MRT */,
				DBAED0441CD1F17F00E84AE3 /* Products */,
				70B38017EB40A35D68CE3D67 /* Pods */,
				C63FAC57167A9342AB9BFE7D /* Frameworks */,
			);
			sourceTree = "<group>";
		};
		DBAED0441CD1F17F00E84AE3 /* Products */ = {
			isa = PBXGroup;
			children = (
				DBAED0431CD1F17F00E84AE3 /* MRT.app */,
			);
			name = Products;
			sourceTree = "<group>";
		};
		DBAED0451CD1F17F00E84AE3 /* MRT */ = {
			isa = PBXGroup;
			children = (
				DB08FA461CDA1BA300FE38E8 /* Podfile */,
				DBAED0461CD1F17F00E84AE3 /* AppDelegate.swift */,
				DBAED0481CD1F17F00E84AE3 /* ViewController.swift */,
				DBCD078A1CE5B9F300B448DF /* TableViewCell.swift */,
				DB04B3CE1CDF2409002D3514 /* MRTsData.swift */,
				DB9D867A1CDB99C6003DD1B6 /* MRT.json */,
				DB1D86CB1CD9AB63009BDEC1 /* DetailViewController.swift */,
				DBAED04A1CD1F17F00E84AE3 /* Main.storyboard */,
				DBAED04D1CD1F17F00E84AE3 /* Assets.xcassets */,
				DBAED04F1CD1F17F00E84AE3 /* LaunchScreen.storyboard */,
				DBAED0521CD1F17F00E84AE3 /* Info.plist */,
			);
			path = MRT;
			sourceTree = "<group>";
		};
/* End PBXGroup section */

/* Begin PBXNativeTarget section */
		DBAED0421CD1F17F00E84AE3 /* MRT */ = {
			isa = PBXNativeTarget;
			buildConfigurationList = DBAED0551CD1F17F00E84AE3 /* Build configuration list for PBXNativeTarget "MRT" */;
			buildPhases = (
				4B5D3ABF1C5434B2EF423BCB /* Check Pods Manifest.lock */,
				DBAED03F1CD1F17F00E84AE3 /* Sources */,
				DBAED0401CD1F17F00E84AE3 /* Frameworks */,
				DBAED0411CD1F17F00E84AE3 /* Resources */,
				BBC339004B749B868CA60703 /* Embed Pods Frameworks */,
				7D856825B46C4C79E11CD4CC /* Copy Pods Resources */,
			);
			buildRules = (
			);
			dependencies = (
			);
			name = MRT;
			productName = MRT;
			productReference = DBAED0431CD1F17F00E84AE3 /* MRT.app */;
			productType = "com.apple.product-type.application";
		};
/* End PBXNativeTarget section */

/* Begin PBXProject section */
		DBAED03B1CD1F17F00E84AE3 /* Project object */ = {
			isa = PBXProject;
			attributes = {
				LastSwiftUpdateCheck = 0720;
				LastUpgradeCheck = 0720;
				ORGANIZATIONNAME = levi;
				TargetAttributes = {
					DBAED0421CD1F17F00E84AE3 = {
						CreatedOnToolsVersion = 7.2.1;
					};
				};
			};
			buildConfigurationList = DBAED03E1CD1F17F00E84AE3 /* Build configuration list for PBXProject "MRT" */;
			compatibilityVersion = "Xcode 3.2";
			developmentRegion = English;
			hasScannedForEncodings = 0;
			knownRegions = (
				en,
				Base,
			);
			mainGroup = DBAED03A1CD1F17F00E84AE3;
			productRefGroup = DBAED0441CD1F17F00E84AE3 /* Products */;
			projectDirPath = "";
			projectRoot = "";
			targets = (
				DBAED0421CD1F17F00E84AE3 /* MRT */,
			);
		};
/* End PBXProject section */

/* Begin PBXResourcesBuildPhase section */
		DBAED0411CD1F17F00E84AE3 /* Resources */ = {
			isa = PBXResourcesBuildPhase;
			buildActionMask = 2147483647;
			files = (
				DBAED0511CD1F17F00E84AE3 /* LaunchScreen.storyboard in Resources */,
				DBAED04E1CD1F17F00E84AE3 /* Assets.xcassets in Resources */,
				DB08FA471CDA1BA300FE38E8 /* Podfile in Resources */,
				DBAED04C1CD1F17F00E84AE3 /* Main.storyboard in Resources */,
				DB9D867B1CDB99C6003DD1B6 /* MRT.json in Resources */,
			);
			runOnlyForDeploymentPostprocessing = 0;
		};
/* End PBXResourcesBuildPhase section */

/* Begin PBXShellScriptBuildPhase section */
		4B5D3ABF1C5434B2EF423BCB /* Check Pods Manifest.lock */ = {
			isa = PBXShellScriptBuildPhase;
			buildActionMask = 2147483647;
			files = (
			);
			inputPaths = (
			);
			name = "Check Pods Manifest.lock";
			outputPaths = (
			);
			runOnlyForDeploymentPostprocessing = 0;
			shellPath = /bin/sh;
			shellScript = "diff \"${PODS_ROOT}/../Podfile.lock\" \"${PODS_ROOT}/Manifest.lock\" > /dev/null\nif [[ $? != 0 ]] ; then\n    cat << EOM\nerror: The sandbox is not in sync with the Podfile.lock. Run 'pod install' or update your CocoaPods installation.\nEOM\n    exit 1\nfi\n";
			showEnvVarsInLog = 0;
		};
		7D856825B46C4C79E11CD4CC /* Copy Pods Resources */ = {
			isa = PBXShellScriptBuildPhase;
			buildActionMask = 2147483647;
			files = (
			);
			inputPaths = (
			);
			name = "Copy Pods Resources";
			outputPaths = (
			);
			runOnlyForDeploymentPostprocessing = 0;
			shellPath = /bin/sh;
			shellScript = "\"${SRCROOT}/Pods/Target Support Files/Pods-MRT/Pods-MRT-resources.sh\"\n";
			showEnvVarsInLog = 0;
		};
		BBC339004B749B868CA60703 /* Embed Pods Frameworks */ = {
			isa = PBXShellScriptBuildPhase;
			buildActionMask = 2147483647;
			files = (
			);
			inputPaths = (
			);
			name = "Embed Pods Frameworks";
			outputPaths = (
			);
			runOnlyForDeploymentPostprocessing = 0;
			shellPath = /bin/sh;
			shellScript = "\"${SRCROOT}/Pods/Target Support Files/Pods-MRT/Pods-MRT-frameworks.sh\"\n";
			showEnvVarsInLog = 0;
		};
/* End PBXShellScriptBuildPhase section */

/* Begin PBXSourcesBuildPhase section */
		DBAED03F1CD1F17F00E84AE3 /* Sources */ = {
			isa = PBXSourcesBuildPhase;
			buildActionMask = 2147483647;
			files = (
				DBCD078B1CE5B9F300B448DF /* TableViewCell.swift in Sources */,
				DB1D86CC1CD9AB63009BDEC1 /* DetailViewController.swift in Sources */,
				DB04B3CF1CDF2409002D3514 /* MRTsData.swift in Sources */,
				DBAED0491CD1F17F00E84AE3 /* ViewController.swift in Sources */,
				DBAED0471CD1F17F00E84AE3 /* AppDelegate.swift in Sources */,
			);
			runOnlyForDeploymentPostprocessing = 0;
		};
/* End PBXSourcesBuildPhase section */

/* Begin PBXVariantGroup section */
		DBAED04A1CD1F17F00E84AE3 /* Main.storyboard */ = {
			isa = PBXVariantGroup;
			children = (
				DBAED04B1CD1F17F00E84AE3 /* Base */,
			);
			name = Main.storyboard;
			sourceTree = "<group>";
		};
		DBAED04F1CD1F17F00E84AE3 /* LaunchScreen.storyboard */ = {
			isa = PBXVariantGroup;
			children = (
				DBAED0501CD1F17F00E84AE3 /* Base */,
			);
			name = LaunchScreen.storyboard;
			sourceTree = "<group>";
		};
/* End PBXVariantGroup section */

/* Begin XCBuildConfiguration section */
		DBAED0531CD1F17F00E84AE3 /* Debug */ = {
			isa = XCBuildConfiguration;
			buildSettings = {
				ALWAYS_SEARCH_USER_PATHS = NO;
				CLANG_CXX_LANGUAGE_STANDARD = "gnu++0x";
				CLANG_CXX_LIBRARY = "libc++";
				CLANG_ENABLE_MODULES = YES;
				CLANG_ENABLE_OBJC_ARC = YES;
				CLANG_WARN_BOOL_CONVERSION = YES;
				CLANG_WARN_CONSTANT_CONVERSION = YES;
				CLANG_WARN_DIRECT_OBJC_ISA_USAGE = YES_ERROR;
				CLANG_WARN_EMPTY_BODY = YES;
				CLANG_WARN_ENUM_CONVERSION = YES;
				CLANG_WARN_INT_CONVERSION = YES;
				CLANG_WARN_OBJC_ROOT_CLASS = YES_ERROR;
				CLANG_WARN_UNREACHABLE_CODE = YES;
				CLANG_WARN__DUPLICATE_METHOD_MATCH = YES;
				"CODE_SIGN_IDENTITY[sdk=iphoneos*]" = "iPhone Developer";
				COPY_PHASE_STRIP = NO;
				DEBUG_INFORMATION_FORMAT = dwarf;
				ENABLE_STRICT_OBJC_MSGSEND = YES;
				ENABLE_TESTABILITY = YES;
				GCC_C_LANGUAGE_STANDARD = gnu99;
				GCC_DYNAMIC_NO_PIC = NO;
				GCC_NO_COMMON_BLOCKS = YES;
				GCC_OPTIMIZATION_LEVEL = 0;
				GCC_PREPROCESSOR_DEFINITIONS = (
					"DEBUG=1",
					"$(inherited)",
				);
				GCC_WARN_64_TO_32_BIT_CONVERSION = YES;
				GCC_WARN_ABOUT_RETURN_TYPE = YES_ERROR;
				GCC_WARN_UNDECLARED_SELECTOR = YES;
				GCC_WARN_UNINITIALIZED_AUTOS = YES_AGGRESSIVE;
				GCC_WARN_UNUSED_FUNCTION = YES;
				GCC_WARN_UNUSED_VARIABLE = YES;
				IPHONEOS_DEPLOYMENT_TARGET = 9.2;
				MTL_ENABLE_DEBUG_INFO = YES;
				ONLY_ACTIVE_ARCH = YES;
				SDKROOT = iphoneos;
				SWIFT_OPTIMIZATION_LEVEL = "-Onone";
			};
			name = Debug;
		};
		DBAED0541CD1F17F00E84AE3 /* Release */ = {
			isa = XCBuildConfiguration;
			buildSettings = {
				ALWAYS_SEARCH_USER_PATHS = NO;
				CLANG_CXX_LANGUAGE_STANDARD = "gnu++0x";
				CLANG_CXX_LIBRARY = "libc++";
				CLANG_ENABLE_MODULES = YES;
				CLANG_ENABLE_OBJC_ARC = YES;
				CLANG_WARN_BOOL_CONVERSION = YES;
				CLANG_WARN_CONSTANT_CONVERSION = YES;
				CLANG_WARN_DIRECT_OBJC_ISA_USAGE = YES_ERROR;
				CLANG_WARN_EMPTY_BODY = YES;
				CLANG_WARN_ENUM_CONVERSION = YES;
				CLANG_WARN_INT_CONVERSION = YES;
				CLANG_WARN_OBJC_ROOT_CLASS = YES_ERROR;
				CLANG_WARN_UNREACHABLE_CODE = YES;
				CLANG_WARN__DUPLICATE_METHOD_MATCH = YES;
				"CODE_SIGN_IDENTITY[sdk=iphoneos*]" = "iPhone Developer";
				COPY_PHASE_STRIP = NO;
				DEBUG_INFORMATION_FORMAT = "dwarf-with-dsym";
				ENABLE_NS_ASSERTIONS = NO;
				ENABLE_STRICT_OBJC_MSGSEND = YES;
				GCC_C_LANGUAGE_STANDARD = gnu99;
				GCC_NO_COMMON_BLOCKS = YES;
				GCC_WARN_64_TO_32_BIT_CONVERSION = YES;
				GCC_WARN_ABOUT_RETURN_TYPE = YES_ERROR;
				GCC_WARN_UNDECLARED_SELECTOR = YES;
				GCC_WARN_UNINITIALIZED_AUTOS = YES_AGGRESSIVE;
				GCC_WARN_UNUSED_FUNCTION = YES;
				GCC_WARN_UNUSED_VARIABLE = YES;
				IPHONEOS_DEPLOYMENT_TARGET = 9.2;
				MTL_ENABLE_DEBUG_INFO = NO;
				SDKROOT = iphoneos;
				VALIDATE_PRODUCT = YES;
			};
			name = Release;
		};
		DBAED0561CD1F17F00E84AE3 /* Debug */ = {
			isa = XCBuildConfiguration;
			baseConfigurationReference = 50CEC59DBF48CD40E9517822 /* Pods-MRT.debug.xcconfig */;
			buildSettings = {
				ASSETCATALOG_COMPILER_APPICON_NAME = AppIcon;
				FRAMEWORK_SEARCH_PATHS = (
					"$(inherited)",
					"$(PROJECT_DIR)/build/Debug-iphoneos",
				);
				INFOPLIST_FILE = MRT/Info.plist;
				LD_RUNPATH_SEARCH_PATHS = "$(inherited) @executable_path/Frameworks";
				PRODUCT_BUNDLE_IDENTIFIER = com.levi.MRT;
				PRODUCT_NAME = "$(TARGET_NAME)";
			};
			name = Debug;
		};
		DBAED0571CD1F17F00E84AE3 /* Release */ = {
			isa = XCBuildConfiguration;
			baseConfigurationReference = 410DF477974B98C108EB80CB /* Pods-MRT.release.xcconfig */;
			buildSettings = {
				ASSETCATALOG_COMPILER_APPICON_NAME = AppIcon;
				FRAMEWORK_SEARCH_PATHS = (
					"$(inherited)",
					"$(PROJECT_DIR)/build/Debug-iphoneos",
				);
				INFOPLIST_FILE = MRT/Info.plist;
				LD_RUNPATH_SEARCH_PATHS = "$(inherited) @executable_path/Frameworks";
				PRODUCT_BUNDLE_IDENTIFIER = com.levi.MRT;
				PRODUCT_NAME = "$(TARGET_NAME)";
			};
			name = Release;
		};
/* End XCBuildConfiguration section */

/* Begin XCConfigurationList section */
		DBAED03E1CD1F17F00E84AE3 /* Build configuration list for PBXProject "MRT" */ = {
			isa = XCConfigurationList;
			buildConfigurations = (
				DBAED0531CD1F17F00E84AE3 /* Debug */,
				DBAED0541CD1F17F00E84AE3 /* Release */,
			);
			defaultConfigurationIsVisible = 0;
			defaultConfigurationName = Release;
		};
		DBAED0551CD1F17F00E84AE3 /* Build configuration list for PBXNativeTarget "MRT" */ = {
			isa = XCConfigurationList;
			buildConfigurations = (
				DBAED0561CD1F17F00E84AE3 /* Debug */,
				DBAED0571CD1F17F00E84AE3 /* Release */,
			);
			defaultConfigurationIsVisible = 0;
			defaultConfigurationName = Release;
		};
/* End XCConfigurationList section */
	};
	rootObject = DBAED03B1CD1F17F00E84AE3 /* Project object */;
}
